
Microsoft Visual Studio Solution File, Format Version 12.00
# Visual Studio Version 16
VisualStudioVersion = 16.0.29215.179
MinimumVisualStudioVersion = 10.0.40219.1
Project("{8BC9CEB8-8B4A-11D0-8D11-00A0C91BC942}") = "arcane", "arcane\arcane.vcxproj", "{5D915277-C28D-49B6-A860-488E3298D9DB}"
EndProject
Global
	GlobalSection(SolutionConfigurationPlatforms) = preSolution
		Debug|x64 = Debug|x64
		Debug|x86 = Debug|x86
		Release|x64 = Release|x64
		Release|x86 = Release|x86
	EndGlobalSection
	GlobalSection(ProjectConfigurationPlatforms) = postSolution
		{5D915277-C28D-49B6-A860-488E3298D9DB}.Debug|x64.ActiveCfg = Debug|x64
		{5D915277-C28D-49B6-A860-488E3298D9DB}.Debug|x64.Build.0 = Debug|x64
		{5D915277-C28D-49B6-A860-488E3298D9DB}.Debug|x86.ActiveCfg = Debug|Win32
		{5D915277-C28D-49B6-A860-488E3298D9DB}.Debug|x86.Build.0 = Debug|Win32
		{5D915277-C28D-49B6-A860-488E3298D9DB}.Release|x64.ActiveCfg = Release|x64
		{5D915277-C28D-49B6-A860-488E3298D9DB}.Release|x64.Build.0 = Release|x64
		{5D915277-C28D-49B6-A860-488E3298D9DB}.Release|x86.ActiveCfg = Release|Win32
		{5D915277-C28D-49B6-A860-488E3298D9DB}.Release|x86.Build.0 = Release|Win32
	EndGlobalSection
	GlobalSection(SolutionProperties) = preSolution
		HideSolutionNode = FALSE
	EndGlobalSection
	GlobalSection(ExtensibilityGlobals) = postSolution
		SolutionGuid = {827E244A-0117-4CF2-A719-BEE9A220E934}
	EndGlobalSection
EndGlobal
